// !$*UTF8*$!
{
	archiveVersion = 1;
	classes = {
	};
	objectVersion = 48;
	objects = {

/* Begin PBXBuildFile section */
		4799B92B1F89F84300A51035 /* AppDelegate.swift in Sources */ = {isa = PBXBuildFile; fileRef = 4799B92A1F89F84300A51035 /* AppDelegate.swift */; };
		4799B92D1F89F84300A51035 /* ViewController.swift in Sources */ = {isa = PBXBuildFile; fileRef = 4799B92C1F89F84300A51035 /* ViewController.swift */; };
		4799B9301F89F84300A51035 /* Main.storyboard in Resources */ = {isa = PBXBuildFile; fileRef = 4799B92E1F89F84300A51035 /* Main.storyboard */; };
		4799B9321F89F84300A51035 /* Assets.xcassets in Resources */ = {isa = PBXBuildFile; fileRef = 4799B9311F89F84300A51035 /* Assets.xcassets */; };
		4799B9351F89F84300A51035 /* LaunchScreen.storyboard in Resources */ = {isa = PBXBuildFile; fileRef = 4799B9331F89F84300A51035 /* LaunchScreen.storyboard */; };
		4799B9401F89F84300A51035 /* TableIndexViewTests.swift in Sources */ = {isa = PBXBuildFile; fileRef = 4799B93F1F89F84300A51035 /* TableIndexViewTests.swift */; };
		4799B94B1F89F84300A51035 /* TableIndexViewUITests.swift in Sources */ = {isa = PBXBuildFile; fileRef = 4799B94A1F89F84300A51035 /* TableIndexViewUITests.swift */; };
		4799B9591F89F86500A51035 /* TableIndexView.swift in Sources */ = {isa = PBXBuildFile; fileRef = 4799B9581F89F86500A51035 /* TableIndexView.swift */; };
		4799B95C1F89FBCF00A51035 /* Contacts.plist in Resources */ = {isa = PBXBuildFile; fileRef = 4799B95B1F89FBCF00A51035 /* Contacts.plist */; };
/* End PBXBuildFile section */

/* Begin PBXContainerItemProxy section */
		4799B93C1F89F84300A51035 /* PBXContainerItemProxy */ = {
			isa = PBXContainerItemProxy;
			containerPortal = 4799B91F1F89F84200A51035 /* Project object */;
			proxyType = 1;
			remoteGlobalIDString = 4799B9261F89F84300A51035;
			remoteInfo = TableIndexView;
		};
		4799B9471F89F84300A51035 /* PBXContainerItemProxy */ = {
			isa = PBXContainerItemProxy;
			containerPortal = 4799B91F1F89F84200A51035 /* Project object */;
			proxyType = 1;
			remoteGlobalIDString = 4799B9261F89F84300A51035;
			remoteInfo = TableIndexView;
		};
/* End PBXContainerItemProxy section */

/* Begin PBXFileReference section */
		4799B9271F89F84300A51035 /* TableIndexView.app */ = {isa = PBXFileReference; explicitFileType = wrapper.application; includeInIndex = 0; path = TableIndexView.app; sourceTree = BUILT_PRODUCTS_DIR; };
		4799B92A1F89F84300A51035 /* AppDelegate.swift */ = {isa = PBXFileReference; lastKnownFileType = sourcecode.swift; path = AppDelegate.swift; sourceTree = "<group>"; };
		4799B92C1F89F84300A51035 /* ViewController.swift */ = {isa = PBXFileReference; lastKnownFileType = sourcecode.swift; path = ViewController.swift; sourceTree = "<group>"; };
		4799B92F1F89F84300A51035 /* Base */ = {isa = PBXFileReference; lastKnownFileType = file.storyboard; name = Base; path = Base.lproj/Main.storyboard; sourceTree = "<group>"; };
		4799B9311F89F84300A51035 /* Assets.xcassets */ = {isa = PBXFileReference; lastKnownFileType = folder.assetcatalog; path = Assets.xcassets; sourceTree = "<group>"; };
		4799B9341F89F84300A51035 /* Base */ = {isa = PBXFileReference; lastKnownFileType = file.storyboard; name = Base; path = Base.lproj/LaunchScreen.storyboard; sourceTree = "<group>"; };
		4799B9361F89F84300A51035 /* Info.plist */ = {isa = PBXFileReference; lastKnownFileType = text.plist.xml; path = Info.plist; sourceTree = "<group>"; };
		4799B93B1F89F84300A51035 /* TableIndexViewTests.xctest */ = {isa = PBXFileReference; explicitFileType = wrapper.cfbundle; includeInIndex = 0; path = TableIndexViewTests.xctest; sourceTree = BUILT_PRODUCTS_DIR; };
		4799B93F1F89F84300A51035 /* TableIndexViewTests.swift */ = {isa = PBXFileReference; lastKnownFileType = sourcecode.swift; path = TableIndexViewTests.swift; sourceTree = "<group>"; };
		4799B9411F89F84300A51035 /* Info.plist */ = {isa = PBXFileReference; lastKnownFileType = text.plist.xml; path = Info.plist; sourceTree = "<group>"; };
		4799B9461F89F84300A51035 /* TableIndexViewUITests.xctest */ = {isa = PBXFileReference; explicitFileType = wrapper.cfbundle; includeInIndex = 0; path = TableIndexViewUITests.xctest; sourceTree = BUILT_PRODUCTS_DIR; };
		4799B94A1F89F84300A51035 /* TableIndexViewUITests.swift */ = {isa = PBXFileReference; lastKnownFileType = sourcecode.swift; path = TableIndexViewUITests.swift; sourceTree = "<group>"; };
		4799B94C1F89F84300A51035 /* Info.plist */ = {isa = PBXFileReference; lastKnownFileType = text.plist.xml; path = Info.plist; sourceTree = "<group>"; };
		4799B9581F89F86500A51035 /* TableIndexView.swift */ = {isa = PBXFileReference; lastKnownFileType = sourcecode.swift; path = TableIndexView.swift; sourceTree = "<group>"; };
		4799B95B1F89FBCF00A51035 /* Contacts.plist */ = {isa = PBXFileReference; fileEncoding = 4; lastKnownFileType = text.plist.xml; path = Contacts.plist; sourceTree = "<group>"; };
/* End PBXFileReference section */

/* Begin PBXFrameworksBuildPhase section */
		4799B9241F89F84300A51035 /* Frameworks */ = {
			isa = PBXFrameworksBuildPhase;
			buildActionMask = 2147483647;
			files = (
			);
			runOnlyForDeploymentPostprocessing = 0;
		};
		4799B9381F89F84300A51035 /* Frameworks */ = {
			isa = PBXFrameworksBuildPhase;
			buildActionMask = 2147483647;
			files = (
			);
			runOnlyForDeploymentPostprocessing = 0;
		};
		4799B9431F89F84300A51035 /* Frameworks */ = {
			isa = PBXFrameworksBuildPhase;
			buildActionMask = 2147483647;
			files = (
			);
			runOnlyForDeploymentPostprocessing = 0;
		};
/* End PBXFrameworksBuildPhase section */

/* Begin PBXGroup section */
		4799B91E1F89F84200A51035 = {
			isa = PBXGroup;
			children = (
				4799B9291F89F84300A51035 /* TableIndexView */,
				4799B93E1F89F84300A51035 /* TableIndexViewTests */,
				4799B9491F89F84300A51035 /* TableIndexViewUITests */,
				4799B9281F89F84300A51035 /* Products */,
			);
			sourceTree = "<group>";
		};
		4799B9281F89F84300A51035 /* Products */ = {
			isa = PBXGroup;
			children = (
				4799B9271F89F84300A51035 /* TableIndexView.app */,
				4799B93B1F89F84300A51035 /* TableIndexViewTests.xctest */,
				4799B9461F89F84300A51035 /* TableIndexViewUITests.xctest */,
			);
			name = Products;
			sourceTree = "<group>";
		};
		4799B9291F89F84300A51035 /* TableIndexView */ = {
			isa = PBXGroup;
			children = (
				4799B95B1F89FBCF00A51035 /* Contacts.plist */,
				4799B92A1F89F84300A51035 /* AppDelegate.swift */,
				4799B92C1F89F84300A51035 /* ViewController.swift */,
				4799B9581F89F86500A51035 /* TableIndexView.swift */,
				4799B92E1F89F84300A51035 /* Main.storyboard */,
				4799B9311F89F84300A51035 /* Assets.xcassets */,
				4799B9331F89F84300A51035 /* LaunchScreen.storyboard */,
				4799B9361F89F84300A51035 /* Info.plist */,
			);
			path = TableIndexView;
			sourceTree = "<group>";
		};
		4799B93E1F89F84300A51035 /* TableIndexViewTests */ = {
			isa = PBXGroup;
			children = (
				4799B93F1F89F84300A51035 /* TableIndexViewTests.swift */,
				4799B9411F89F84300A51035 /* Info.plist */,
			);
			path = TableIndexViewTests;
			sourceTree = "<group>";
		};
		4799B9491F89F84300A51035 /* TableIndexViewUITests */ = {
			isa = PBXGroup;
			children = (
				4799B94A1F89F84300A51035 /* TableIndexViewUITests.swift */,
				4799B94C1F89F84300A51035 /* Info.plist */,
			);
			path = TableIndexViewUITests;
			sourceTree = "<group>";
		};
/* End PBXGroup section */

/* Begin PBXNativeTarget section */
		4799B9261F89F84300A51035 /* TableIndexView */ = {
			isa = PBXNativeTarget;
			buildConfigurationList = 4799B94F1F89F84300A51035 /* Build configuration list for PBXNativeTarget "TableIndexView" */;
			buildPhases = (
				4799B9231F89F84300A51035 /* Sources */,
				4799B9241F89F84300A51035 /* Frameworks */,
				4799B9251F89F84300A51035 /* Resources */,
			);
			buildRules = (
			);
			dependencies = (
			);
			name = TableIndexView;
			productName = TableIndexView;
			productReference = 4799B9271F89F84300A51035 /* TableIndexView.app */;
			productType = "com.apple.product-type.application";
		};
		4799B93A1F89F84300A51035 /* TableIndexViewTests */ = {
			isa = PBXNativeTarget;
			buildConfigurationList = 4799B9521F89F84300A51035 /* Build configuration list for PBXNativeTarget "TableIndexViewTests" */;
			buildPhases = (
				4799B9371F89F84300A51035 /* Sources */,
				4799B9381F89F84300A51035 /* Frameworks */,
				4799B9391F89F84300A51035 /* Resources */,
			);
			buildRules = (
			);
			dependencies = (
				4799B93D1F89F84300A51035 /* PBXTargetDependency */,
			);
			name = TableIndexViewTests;
			productName = TableIndexViewTests;
			productReference = 4799B93B1F89F84300A51035 /* TableIndexViewTests.xctest */;
			productType = "com.apple.product-type.bundle.unit-test";
		};
		4799B9451F89F84300A51035 /* TableIndexViewUITests */ = {
			isa = PBXNativeTarget;
			buildConfigurationList = 4799B9551F89F84300A51035 /* Build configuration list for PBXNativeTarget "TableIndexViewUITests" */;
			buildPhases = (
				4799B9421F89F84300A51035 /* Sources */,
				4799B9431F89F84300A51035 /* Frameworks */,
				4799B9441F89F84300A51035 /* Resources */,
			);
			buildRules = (
			);
			dependencies = (
				4799B9481F89F84300A51035 /* PBXTargetDependency */,
			);
			name = TableIndexViewUITests;
			productName = TableIndexViewUITests;
			productReference = 4799B9461F89F84300A51035 /* TableIndexViewUITests.xctest */;
			productType = "com.apple.product-type.bundle.ui-testing";
		};
/* End PBXNativeTarget section */

/* Begin PBXProject section */
		4799B91F1F89F84200A51035 /* Project object */ = {
			isa = PBXProject;
			attributes = {
				LastSwiftUpdateCheck = 0900;
				LastUpgradeCheck = 0900;
				ORGANIZATIONNAME = GK;
				TargetAttributes = {
					4799B9261F89F84300A51035 = {
						CreatedOnToolsVersion = 9.0;
						ProvisioningStyle = Automatic;
					};
					4799B93A1F89F84300A51035 = {
						CreatedOnToolsVersion = 9.0;
						ProvisioningStyle = Automatic;
						TestTargetID = 4799B9261F89F84300A51035;
					};
					4799B9451F89F84300A51035 = {
						CreatedOnToolsVersion = 9.0;
						ProvisioningStyle = Automatic;
						TestTargetID = 4799B9261F89F84300A51035;
					};
				};
			};
			buildConfigurationList = 4799B9221F89F84200A51035 /* Build configuration list for PBXProject "TableIndexView" */;
			compatibilityVersion = "Xcode 8.0";
			developmentRegion = en;
			hasScannedForEncodings = 0;
			knownRegions = (
				en,
				Base,
			);
			mainGroup = 4799B91E1F89F84200A51035;
			productRefGroup = 4799B9281F89F84300A51035 /* Products */;
			projectDirPath = "";
			projectRoot = "";
			targets = (
				4799B9261F89F84300A51035 /* TableIndexView */,
				4799B93A1F89F84300A51035 /* TableIndexViewTests */,
				4799B9451F89F84300A51035 /* TableIndexViewUITests */,
			);
		};
/* End PBXProject section */

/* Begin PBXResourcesBuildPhase section */
		4799B9251F89F84300A51035 /* Resources */ = {
			isa = PBXResourcesBuildPhase;
			buildActionMask = 2147483647;
			files = (
				4799B9351F89F84300A51035 /* LaunchScreen.storyboard in Resources */,
				4799B9321F89F84300A51035 /* Assets.xcassets in Resources */,
				4799B9301F89F84300A51035 /* Main.storyboard in Resources */,
				4799B95C1F89FBCF00A51035 /* Contacts.plist in Resources */,
			);
			runOnlyForDeploymentPostprocessing = 0;
		};
		4799B9391F89F84300A51035 /* Resources */ = {
			isa = PBXResourcesBuildPhase;
			buildActionMask = 2147483647;
			files = (
			);
			runOnlyForDeploymentPostprocessing = 0;
		};
		4799B9441F89F84300A51035 /* Resources */ = {
			isa = PBXResourcesBuildPhase;
			buildActionMask = 2147483647;
			files = (
			);
			runOnlyForDeploymentPostprocessing = 0;
		};
/* End PBXResourcesBuildPhase section */

/* Begin PBXSourcesBuildPhase section */
		4799B9231F89F84300A51035 /* Sources */ = {
			isa = PBXSourcesBuildPhase;
			buildActionMask = 2147483647;
			files = (
				4799B9591F89F86500A51035 /* TableIndexView.swift in Sources */,
				4799B92D1F89F84300A51035 /* ViewController.swift in Sources */,
				4799B92B1F89F84300A51035 /* AppDelegate.swift in Sources */,
			);
			runOnlyForDeploymentPostprocessing = 0;
		};
		4799B9371F89F84300A51035 /* Sources */ = {
			isa = PBXSourcesBuildPhase;
			buildActionMask = 2147483647;
			files = (
				4799B9401F89F84300A51035 /* TableIndexViewTests.swift in Sources */,
			);
			runOnlyForDeploymentPostprocessing = 0;
		};
		4799B9421F89F84300A51035 /* Sources */ = {
			isa = PBXSourcesBuildPhase;
			buildActionMask = 2147483647;
			files = (
				4799B94B1F89F84300A51035 /* TableIndexViewUITests.swift in Sources */,
			);
			runOnlyForDeploymentPostprocessing = 0;
		};
/* End PBXSourcesBuildPhase section */

/* Begin PBXTargetDependency section */
		4799B93D1F89F84300A51035 /* PBXTargetDependency */ = {
			isa = PBXTargetDependency;
			target = 4799B9261F89F84300A51035 /* TableIndexView */;
			targetProxy = 4799B93C1F89F84300A51035 /* PBXContainerItemProxy */;
		};
		4799B9481F89F84300A51035 /* PBXTargetDependency */ = {
			isa = PBXTargetDependency;
			target = 4799B9261F89F84300A51035 /* TableIndexView */;
			targetProxy = 4799B9471F89F84300A51035 /* PBXContainerItemProxy */;
		};
/* End PBXTargetDependency section */

/* Begin PBXVariantGroup section */
		4799B92E1F89F84300A51035 /* Main.storyboard */ = {
			isa = PBXVariantGroup;
			children = (
				4799B92F1F89F84300A51035 /* Base */,
			);
			name = Main.storyboard;
			sourceTree = "<group>";
		};
		4799B9331F89F84300A51035 /* LaunchScreen.storyboard */ = {
			isa = PBXVariantGroup;
			children = (
				4799B9341F89F84300A51035 /* Base */,
			);
			name = LaunchScreen.storyboard;
			sourceTree = "<group>";
		};
/* End PBXVariantGroup section */

/* Begin XCBuildConfiguration section */
		4799B94D1F89F84300A51035 /* Debug */ = {
			isa = XCBuildConfiguration;
			buildSettings = {
				ALWAYS_SEARCH_USER_PATHS = NO;
				CLANG_ANALYZER_NONNULL = YES;
				CLANG_ANALYZER_NUMBER_OBJECT_CONVERSION = YES_AGGRESSIVE;
				CLANG_CXX_LANGUAGE_STANDARD = "gnu++14";
				CLANG_CXX_LIBRARY = "libc++";
				CLANG_ENABLE_MODULES = YES;
				CLANG_ENABLE_OBJC_ARC = YES;
				CLANG_WARN_BLOCK_CAPTURE_AUTORELEASING = YES;
				CLANG_WARN_BOOL_CONVERSION = YES;
				CLANG_WARN_COMMA = YES;
				CLANG_WARN_CONSTANT_CONVERSION = YES;
				CLANG_WARN_DIRECT_OBJC_ISA_USAGE = YES_ERROR;
				CLANG_WARN_DOCUMENTATION_COMMENTS = YES;
				CLANG_WARN_EMPTY_BODY = YES;
				CLANG_WARN_ENUM_CONVERSION = YES;
				CLANG_WARN_INFINITE_RECURSION = YES;
				CLANG_WARN_INT_CONVERSION = YES;
				CLANG_WARN_NON_LITERAL_NULL_CONVERSION = YES;
				CLANG_WARN_OBJC_LITERAL_CONVERSION = YES;
				CLANG_WARN_OBJC_ROOT_CLASS = YES_ERROR;
				CLANG_WARN_RANGE_LOOP_ANALYSIS = YES;
				CLANG_WARN_STRICT_PROTOTYPES = YES;
				CLANG_WARN_SUSPICIOUS_MOVE = YES;
				CLANG_WARN_UNGUARDED_AVAILABILITY = YES_AGGRESSIVE;
				CLANG_WARN_UNREACHABLE_CODE = YES;
				CLANG_WARN__DUPLICATE_METHOD_MATCH = YES;
				CODE_SIGN_IDENTITY = "iPhone Developer";
				COPY_PHASE_STRIP = NO;
				DEBUG_INFORMATION_FORMAT = dwarf;
				ENABLE_STRICT_OBJC_MSGSEND = YES;
				ENABLE_TESTABILITY = YES;
				GCC_C_LANGUAGE_STANDARD = gnu11;
				GCC_DYNAMIC_NO_PIC = NO;
				GCC_NO_COMMON_BLOCKS = YES;
				GCC_OPTIMIZATION_LEVEL = 0;
				GCC_PREPROCESSOR_DEFINITIONS = (
					"DEBUG=1",
					"$(inherited)",
				);
				GCC_WARN_64_TO_32_BIT_CONVERSION = YES;
				GCC_WARN_ABOUT_RETURN_TYPE = YES_ERROR;
				GCC_WARN_UNDECLARED_SELECTOR = YES;
				GCC_WARN_UNINITIALIZED_AUTOS = YES_AGGRESSIVE;
				GCC_WARN_UNUSED_FUNCTION = YES;
				GCC_WARN_UNUSED_VARIABLE = YES;
				IPHONEOS_DEPLOYMENT_TARGET = 11.0;
				MTL_ENABLE_DEBUG_INFO = YES;
				ONLY_ACTIVE_ARCH = YES;
				SDKROOT = iphoneos;
				SWIFT_ACTIVE_COMPILATION_CONDITIONS = DEBUG;
				SWIFT_OPTIMIZATION_LEVEL = "-Onone";
			};
			name = Debug;
		};
		4799B94E1F89F84300A51035 /* Release */ = {
			isa = XCBuildConfiguration;
			buildSettings = {
				ALWAYS_SEARCH_USER_PATHS = NO;
				CLANG_ANALYZER_NONNULL = YES;
				CLANG_ANALYZER_NUMBER_OBJECT_CONVERSION = YES_AGGRESSIVE;
				CLANG_CXX_LANGUAGE_STANDARD = "gnu++14";
				CLANG_CXX_LIBRARY = "libc++";
				CLANG_ENABLE_MODULES = YES;
				CLANG_ENABLE_OBJC_ARC = YES;
				CLANG_WARN_BLOCK_CAPTURE_AUTORELEASING = YES;
				CLANG_WARN_BOOL_CONVERSION = YES;
				CLANG_WARN_COMMA = YES;
				CLANG_WARN_CONSTANT_CONVERSION = YES;
				CLANG_WARN_DIRECT_OBJC_ISA_USAGE = YES_ERROR;
				CLANG_WARN_DOCUMENTATION_COMMENTS = YES;
				CLANG_WARN_EMPTY_BODY = YES;
				CLANG_WARN_ENUM_CONVERSION = YES;
				CLANG_WARN_INFINITE_RECURSION = YES;
				CLANG_WARN_INT_CONVERSION = YES;
				CLANG_WARN_NON_LITERAL_NULL_CONVERSION = YES;
				CLANG_WARN_OBJC_LITERAL_CONVERSION = YES;
				CLANG_WARN_OBJC_ROOT_CLASS = YES_ERROR;
				CLANG_WARN_RANGE_LOOP_ANALYSIS = YES;
				CLANG_WARN_STRICT_PROTOTYPES = YES;
				CLANG_WARN_SUSPICIOUS_MOVE = YES;
				CLANG_WARN_UNGUARDED_AVAILABILITY = YES_AGGRESSIVE;
				CLANG_WARN_UNREACHABLE_CODE = YES;
				CLANG_WARN__DUPLICATE_METHOD_MATCH = YES;
				CODE_SIGN_IDENTITY = "iPhone Developer";
				COPY_PHASE_STRIP = NO;
				DEBUG_INFORMATION_FORMAT = "dwarf-with-dsym";
				ENABLE_NS_ASSERTIONS = NO;
				ENABLE_STRICT_OBJC_MSGSEND = YES;
				GCC_C_LANGUAGE_STANDARD = gnu11;
				GCC_NO_COMMON_BLOCKS = YES;
				GCC_WARN_64_TO_32_BIT_CONVERSION = YES;
				GCC_WARN_ABOUT_RETURN_TYPE = YES_ERROR;
				GCC_WARN_UNDECLARED_SELECTOR = YES;
				GCC_WARN_UNINITIALIZED_AUTOS = YES_AGGRESSIVE;
				GCC_WARN_UNUSED_FUNCTION = YES;
				GCC_WARN_UNUSED_VARIABLE = YES;
				IPHONEOS_DEPLOYMENT_TARGET = 11.0;
				MTL_ENABLE_DEBUG_INFO = NO;
				SDKROOT = iphoneos;
				SWIFT_OPTIMIZATION_LEVEL = "-Owholemodule";
				VALIDATE_PRODUCT = YES;
			};
			name = Release;
		};
		4799B9501F89F84300A51035 /* Debug */ = {
			isa = XCBuildConfiguration;
			buildSettings = {
				ASSETCATALOG_COMPILER_APPICON_NAME = AppIcon;
				CODE_SIGN_STYLE = Automatic;
				DEVELOPMENT_TEAM = 65LXM77DMH;
				INFOPLIST_FILE = TableIndexView/Info.plist;
				LD_RUNPATH_SEARCH_PATHS = "$(inherited) @executable_path/Frameworks";
				PRODUCT_BUNDLE_IDENTIFIER = dd.TableIndexView;
				PRODUCT_NAME = "$(TARGET_NAME)";
				SWIFT_VERSION = 4.0;
				TARGETED_DEVICE_FAMILY = "1,2";
			};
			name = Debug;
		};
		4799B9511F89F84300A51035 /* Release */ = {
			isa = XCBuildConfiguration;
			buildSettings = {
				ASSETCATALOG_COMPILER_APPICON_NAME = AppIcon;
				CODE_SIGN_STYLE = Automatic;
				DEVELOPMENT_TEAM = 65LXM77DMH;
				INFOPLIST_FILE = TableIndexView/Info.plist;
				LD_RUNPATH_SEARCH_PATHS = "$(inherited) @executable_path/Frameworks";
				PRODUCT_BUNDLE_IDENTIFIER = dd.TableIndexView;
				PRODUCT_NAME = "$(TARGET_NAME)";
				SWIFT_VERSION = 4.0;
				TARGETED_DEVICE_FAMILY = "1,2";
			};
			name = Release;
		};
		4799B9531F89F84300A51035 /* Debug */ = {
			isa = XCBuildConfiguration;
			buildSettings = {
				ALWAYS_EMBED_SWIFT_STANDARD_LIBRARIES = YES;
				BUNDLE_LOADER = "$(TEST_HOST)";
				CODE_SIGN_STYLE = Automatic;
				DEVELOPMENT_TEAM = 65LXM77DMH;
				INFOPLIST_FILE = TableIndexViewTests/Info.plist;
				LD_RUNPATH_SEARCH_PATHS = "$(inherited) @executable_path/Frameworks @loader_path/Frameworks";
				PRODUCT_BUNDLE_IDENTIFIER = dd.TableIndexViewTests;
				PRODUCT_NAME = "$(TARGET_NAME)";
				SWIFT_VERSION = 4.0;
				TARGETED_DEVICE_FAMILY = "1,2";
				TEST_HOST = "$(BUILT_PRODUCTS_DIR)/TableIndexView.app/TableIndexView";
			};
			name = Debug;
		};
		4799B9541F89F84300A51035 /* Release */ = {
			isa = XCBuildConfiguration;
			buildSettings = {
				ALWAYS_EMBED_SWIFT_STANDARD_LIBRARIES = YES;
				BUNDLE_LOADER = "$(TEST_HOST)";
				CODE_SIGN_STYLE = Automatic;
				DEVELOPMENT_TEAM = 65LXM77DMH;
				INFOPLIST_FILE = TableIndexViewTests/Info.plist;
				LD_RUNPATH_SEARCH_PATHS = "$(inherited) @executable_path/Frameworks @loader_path/Frameworks";
				PRODUCT_BUNDLE_IDENTIFIER = dd.TableIndexViewTests;
				PRODUCT_NAME = "$(TARGET_NAME)";
				SWIFT_VERSION = 4.0;
				TARGETED_DEVICE_FAMILY = "1,2";
				TEST_HOST = "$(BUILT_PRODUCTS_DIR)/TableIndexView.app/TableIndexView";
			};
			name = Release;
		};
		4799B9561F89F84300A51035 /* Debug */ = {
			isa = XCBuildConfiguration;
			buildSettings = {
				ALWAYS_EMBED_SWIFT_STANDARD_LIBRARIES = YES;
				CODE_SIGN_STYLE = Automatic;
				DEVELOPMENT_TEAM = 65LXM77DMH;
				INFOPLIST_FILE = TableIndexViewUITests/Info.plist;
				LD_RUNPATH_SEARCH_PATHS = "$(inherited) @executable_path/Frameworks @loader_path/Frameworks";
				PRODUCT_BUNDLE_IDENTIFIER = dd.TableIndexViewUITests;
				PRODUCT_NAME = "$(TARGET_NAME)";
				SWIFT_VERSION = 4.0;
				TARGETED_DEVICE_FAMILY = "1,2";
				TEST_TARGET_NAME = TableIndexView;
			};
			name = Debug;
		};
		4799B9571F89F84300A51035 /* Release */ = {
			isa = XCBuildConfiguration;
			buildSettings = {
				ALWAYS_EMBED_SWIFT_STANDARD_LIBRARIES = YES;
				CODE_SIGN_STYLE = Automatic;
				DEVELOPMENT_TEAM = 65LXM77DMH;
				INFOPLIST_FILE = TableIndexViewUITests/Info.plist;
				LD_RUNPATH_SEARCH_PATHS = "$(inherited) @executable_path/Frameworks @loader_path/Frameworks";
				PRODUCT_BUNDLE_IDENTIFIER = dd.TableIndexViewUITests;
				PRODUCT_NAME = "$(TARGET_NAME)";
				SWIFT_VERSION = 4.0;
				TARGETED_DEVICE_FAMILY = "1,2";
				TEST_TARGET_NAME = TableIndexView;
			};
			name = Release;
		};
/* End XCBuildConfiguration section */

/* Begin XCConfigurationList section */
		4799B9221F89F84200A51035 /* Build configuration list for PBXProject "TableIndexView" */ = {
			isa = XCConfigurationList;
			buildConfigurations = (
				4799B94D1F89F84300A51035 /* Debug */,
				4799B94E1F89F84300A51035 /* Release */,
			);
			defaultConfigurationIsVisible = 0;
			defaultConfigurationName = Release;
		};
		4799B94F1F89F84300A51035 /* Build configuration list for PBXNativeTarget "TableIndexView" */ = {
			isa = XCConfigurationList;
			buildConfigurations = (
				4799B9501F89F84300A51035 /* Debug */,
				4799B9511F89F84300A51035 /* Release */,
			);
			defaultConfigurationIsVisible = 0;
			defaultConfigurationName = Release;
		};
		4799B9521F89F84300A51035 /* Build configuration list for PBXNativeTarget "TableIndexViewTests" */ = {
			isa = XCConfigurationList;
			buildConfigurations = (
				4799B9531F89F84300A51035 /* Debug */,
				4799B9541F89F84300A51035 /* Release */,
			);
			defaultConfigurationIsVisible = 0;
			defaultConfigurationName = Release;
		};
		4799B9551F89F84300A51035 /* Build configuration list for PBXNativeTarget "TableIndexViewUITests" */ = {
			isa = XCConfigurationList;
			buildConfigurations = (
				4799B9561F89F84300A51035 /* Debug */,
				4799B9571F89F84300A51035 /* Release */,
			);
			defaultConfigurationIsVisible = 0;
			defaultConfigurationName = Release;
		};
/* End XCConfigurationList section */
	};
	rootObject = 4799B91F1F89F84200A51035 /* Project object */;
}
